// !$*UTF8*$!
{
	archiveVersion = 1;
	classes = {
	};
	objectVersion = 46;
	objects = {

/* Begin PBXBuildFile section */
		5F952A7D1D39CE7200250E8F /* Login.swift in Sources */ = {isa = PBXBuildFile; fileRef = 5F952A7C1D39CE7200250E8F /* Login.swift */; };
		5F952A7F1D39CFEA00250E8F /* SignUp.swift in Sources */ = {isa = PBXBuildFile; fileRef = 5F952A7E1D39CFEA00250E8F /* SignUp.swift */; };
		5F952A811D39D05A00250E8F /* UploadPicture.swift in Sources */ = {isa = PBXBuildFile; fileRef = 5F952A801D39D05A00250E8F /* UploadPicture.swift */; };
		5F952A831D39D13300250E8F /* LevelView.swift in Sources */ = {isa = PBXBuildFile; fileRef = 5F952A821D39D13300250E8F /* LevelView.swift */; };
		5F952A851D39D17200250E8F /* ChoiceView.swift in Sources */ = {isa = PBXBuildFile; fileRef = 5F952A841D39D17200250E8F /* ChoiceView.swift */; };
		5F952A871D39D1CA00250E8F /* TimeView.swift in Sources */ = {isa = PBXBuildFile; fileRef = 5F952A861D39D1CA00250E8F /* TimeView.swift */; };
		5F952A891D39D27300250E8F /* MileView.swift in Sources */ = {isa = PBXBuildFile; fileRef = 5F952A881D39D27300250E8F /* MileView.swift */; };
		5F952A8B1D39D31000250E8F /* WhereView.swift in Sources */ = {isa = PBXBuildFile; fileRef = 5F952A8A1D39D31000250E8F /* WhereView.swift */; };
		5FFAF5521D37488C00CC78CC /* AppDelegate.swift in Sources */ = {isa = PBXBuildFile; fileRef = 5FFAF5511D37488C00CC78CC /* AppDelegate.swift */; };
		5FFAF5541D37488C00CC78CC /* ViewController.swift in Sources */ = {isa = PBXBuildFile; fileRef = 5FFAF5531D37488C00CC78CC /* ViewController.swift */; };
		5FFAF5571D37488C00CC78CC /* Main.storyboard in Resources */ = {isa = PBXBuildFile; fileRef = 5FFAF5551D37488C00CC78CC /* Main.storyboard */; };
		5FFAF55A1D37488C00CC78CC /* S4SProto.xcdatamodeld in Sources */ = {isa = PBXBuildFile; fileRef = 5FFAF5581D37488C00CC78CC /* S4SProto.xcdatamodeld */; };
		5FFAF55C1D37488C00CC78CC /* Assets.xcassets in Resources */ = {isa = PBXBuildFile; fileRef = 5FFAF55B1D37488C00CC78CC /* Assets.xcassets */; };
		5FFAF55F1D37488C00CC78CC /* LaunchScreen.storyboard in Resources */ = {isa = PBXBuildFile; fileRef = 5FFAF55D1D37488C00CC78CC /* LaunchScreen.storyboard */; };
		5FFAF56A1D37488C00CC78CC /* S4SProtoTests.swift in Sources */ = {isa = PBXBuildFile; fileRef = 5FFAF5691D37488C00CC78CC /* S4SProtoTests.swift */; };
		5FFAF5751D37488C00CC78CC /* S4SProtoUITests.swift in Sources */ = {isa = PBXBuildFile; fileRef = 5FFAF5741D37488C00CC78CC /* S4SProtoUITests.swift */; };
/* End PBXBuildFile section */

/* Begin PBXContainerItemProxy section */
		5FFAF5661D37488C00CC78CC /* PBXContainerItemProxy */ = {
			isa = PBXContainerItemProxy;
			containerPortal = 5FFAF5461D37488C00CC78CC /* Project object */;
			proxyType = 1;
			remoteGlobalIDString = 5FFAF54D1D37488C00CC78CC;
			remoteInfo = S4SProto;
		};
		5FFAF5711D37488C00CC78CC /* PBXContainerItemProxy */ = {
			isa = PBXContainerItemProxy;
			containerPortal = 5FFAF5461D37488C00CC78CC /* Project object */;
			proxyType = 1;
			remoteGlobalIDString = 5FFAF54D1D37488C00CC78CC;
			remoteInfo = S4SProto;
		};
/* End PBXContainerItemProxy section */

/* Begin PBXFileReference section */
		5F952A7C1D39CE7200250E8F /* Login.swift */ = {isa = PBXFileReference; fileEncoding = 4; lastKnownFileType = sourcecode.swift; path = Login.swift; sourceTree = "<group>"; };
		5F952A7E1D39CFEA00250E8F /* SignUp.swift */ = {isa = PBXFileReference; fileEncoding = 4; lastKnownFileType = sourcecode.swift; path = SignUp.swift; sourceTree = "<group>"; };
		5F952A801D39D05A00250E8F /* UploadPicture.swift */ = {isa = PBXFileReference; fileEncoding = 4; lastKnownFileType = sourcecode.swift; path = UploadPicture.swift; sourceTree = "<group>"; };
		5F952A821D39D13300250E8F /* LevelView.swift */ = {isa = PBXFileReference; fileEncoding = 4; lastKnownFileType = sourcecode.swift; path = LevelView.swift; sourceTree = "<group>"; };
		5F952A841D39D17200250E8F /* ChoiceView.swift */ = {isa = PBXFileReference; fileEncoding = 4; lastKnownFileType = sourcecode.swift; path = ChoiceView.swift; sourceTree = "<group>"; };
		5F952A861D39D1CA00250E8F /* TimeView.swift */ = {isa = PBXFileReference; fileEncoding = 4; lastKnownFileType = sourcecode.swift; path = TimeView.swift; sourceTree = "<group>"; };
		5F952A881D39D27300250E8F /* MileView.swift */ = {isa = PBXFileReference; fileEncoding = 4; lastKnownFileType = sourcecode.swift; path = MileView.swift; sourceTree = "<group>"; };
		5F952A8A1D39D31000250E8F /* WhereView.swift */ = {isa = PBXFileReference; fileEncoding = 4; lastKnownFileType = sourcecode.swift; path = WhereView.swift; sourceTree = "<group>"; };
		5FFAF54E1D37488C00CC78CC /* S4SProto.app */ = {isa = PBXFileReference; explicitFileType = wrapper.application; includeInIndex = 0; path = S4SProto.app; sourceTree = BUILT_PRODUCTS_DIR; };
		5FFAF5511D37488C00CC78CC /* AppDelegate.swift */ = {isa = PBXFileReference; lastKnownFileType = sourcecode.swift; path = AppDelegate.swift; sourceTree = "<group>"; };
		5FFAF5531D37488C00CC78CC /* ViewController.swift */ = {isa = PBXFileReference; lastKnownFileType = sourcecode.swift; path = ViewController.swift; sourceTree = "<group>"; };
		5FFAF5561D37488C00CC78CC /* Base */ = {isa = PBXFileReference; lastKnownFileType = file.storyboard; name = Base; path = Base.lproj/Main.storyboard; sourceTree = "<group>"; };
		5FFAF5591D37488C00CC78CC /* S4SProto.xcdatamodel */ = {isa = PBXFileReference; lastKnownFileType = wrapper.xcdatamodel; path = S4SProto.xcdatamodel; sourceTree = "<group>"; };
		5FFAF55B1D37488C00CC78CC /* Assets.xcassets */ = {isa = PBXFileReference; lastKnownFileType = folder.assetcatalog; path = Assets.xcassets; sourceTree = "<group>"; };
		5FFAF55E1D37488C00CC78CC /* Base */ = {isa = PBXFileReference; lastKnownFileType = file.storyboard; name = Base; path = Base.lproj/LaunchScreen.storyboard; sourceTree = "<group>"; };
		5FFAF5601D37488C00CC78CC /* Info.plist */ = {isa = PBXFileReference; lastKnownFileType = text.plist.xml; path = Info.plist; sourceTree = "<group>"; };
		5FFAF5651D37488C00CC78CC /* S4SProtoTests.xctest */ = {isa = PBXFileReference; explicitFileType = wrapper.cfbundle; includeInIndex = 0; path = S4SProtoTests.xctest; sourceTree = BUILT_PRODUCTS_DIR; };
		5FFAF5691D37488C00CC78CC /* S4SProtoTests.swift */ = {isa = PBXFileReference; lastKnownFileType = sourcecode.swift; path = S4SProtoTests.swift; sourceTree = "<group>"; };
		5FFAF56B1D37488C00CC78CC /* Info.plist */ = {isa = PBXFileReference; lastKnownFileType = text.plist.xml; path = Info.plist; sourceTree = "<group>"; };
		5FFAF5701D37488C00CC78CC /* S4SProtoUITests.xctest */ = {isa = PBXFileReference; explicitFileType = wrapper.cfbundle; includeInIndex = 0; path = S4SProtoUITests.xctest; sourceTree = BUILT_PRODUCTS_DIR; };
		5FFAF5741D37488C00CC78CC /* S4SProtoUITests.swift */ = {isa = PBXFileReference; lastKnownFileType = sourcecode.swift; path = S4SProtoUITests.swift; sourceTree = "<group>"; };
		5FFAF5761D37488C00CC78CC /* Info.plist */ = {isa = PBXFileReference; lastKnownFileType = text.plist.xml; path = Info.plist; sourceTree = "<group>"; };
/* End PBXFileReference section */

/* Begin PBXFrameworksBuildPhase section */
		5FFAF54B1D37488C00CC78CC /* Frameworks */ = {
			isa = PBXFrameworksBuildPhase;
			buildActionMask = 2147483647;
			files = (
			);
			runOnlyForDeploymentPostprocessing = 0;
		};
		5FFAF5621D37488C00CC78CC /* Frameworks */ = {
			isa = PBXFrameworksBuildPhase;
			buildActionMask = 2147483647;
			files = (
			);
			runOnlyForDeploymentPostprocessing = 0;
		};
		5FFAF56D1D37488C00CC78CC /* Frameworks */ = {
			isa = PBXFrameworksBuildPhase;
			buildActionMask = 2147483647;
			files = (
			);
			runOnlyForDeploymentPostprocessing = 0;
		};
/* End PBXFrameworksBuildPhase section */

/* Begin PBXGroup section */
		5FFAF5451D37488C00CC78CC = {
			isa = PBXGroup;
			children = (
				5FFAF5501D37488C00CC78CC /* S4SProto */,
				5FFAF5681D37488C00CC78CC /* S4SProtoTests */,
				5FFAF5731D37488C00CC78CC /* S4SProtoUITests */,
				5FFAF54F1D37488C00CC78CC /* Products */,
			);
			sourceTree = "<group>";
		};
		5FFAF54F1D37488C00CC78CC /* Products */ = {
			isa = PBXGroup;
			children = (
				5FFAF54E1D37488C00CC78CC /* S4SProto.app */,
				5FFAF5651D37488C00CC78CC /* S4SProtoTests.xctest */,
				5FFAF5701D37488C00CC78CC /* S4SProtoUITests.xctest */,
			);
			name = Products;
			sourceTree = "<group>";
		};
		5FFAF5501D37488C00CC78CC /* S4SProto */ = {
			isa = PBXGroup;
			children = (
				5FFAF5511D37488C00CC78CC /* AppDelegate.swift */,
				5FFAF5531D37488C00CC78CC /* ViewController.swift */,
				5FFAF5551D37488C00CC78CC /* Main.storyboard */,
				5FFAF55B1D37488C00CC78CC /* Assets.xcassets */,
				5FFAF55D1D37488C00CC78CC /* LaunchScreen.storyboard */,
				5FFAF5601D37488C00CC78CC /* Info.plist */,
				5FFAF5581D37488C00CC78CC /* S4SProto.xcdatamodeld */,
				5F952A7C1D39CE7200250E8F /* Login.swift */,
				5F952A7E1D39CFEA00250E8F /* SignUp.swift */,
				5F952A801D39D05A00250E8F /* UploadPicture.swift */,
				5F952A821D39D13300250E8F /* LevelView.swift */,
				5F952A841D39D17200250E8F /* ChoiceView.swift */,
				5F952A861D39D1CA00250E8F /* TimeView.swift */,
				5F952A881D39D27300250E8F /* MileView.swift */,
				5F952A8A1D39D31000250E8F /* WhereView.swift */,
			);
			path = S4SProto;
			sourceTree = "<group>";
		};
		5FFAF5681D37488C00CC78CC /* S4SProtoTests */ = {
			isa = PBXGroup;
			children = (
				5FFAF5691D37488C00CC78CC /* S4SProtoTests.swift */,
				5FFAF56B1D37488C00CC78CC /* Info.plist */,
			);
			path = S4SProtoTests;
			sourceTree = "<group>";
		};
		5FFAF5731D37488C00CC78CC /* S4SProtoUITests */ = {
			isa = PBXGroup;
			children = (
				5FFAF5741D37488C00CC78CC /* S4SProtoUITests.swift */,
				5FFAF5761D37488C00CC78CC /* Info.plist */,
			);
			path = S4SProtoUITests;
			sourceTree = "<group>";
		};
/* End PBXGroup section */

/* Begin PBXNativeTarget section */
		5FFAF54D1D37488C00CC78CC /* S4SProto */ = {
			isa = PBXNativeTarget;
			buildConfigurationList = 5FFAF5791D37488C00CC78CC /* Build configuration list for PBXNativeTarget "S4SProto" */;
			buildPhases = (
				5FFAF54A1D37488C00CC78CC /* Sources */,
				5FFAF54B1D37488C00CC78CC /* Frameworks */,
				5FFAF54C1D37488C00CC78CC /* Resources */,
			);
			buildRules = (
			);
			dependencies = (
			);
			name = S4SProto;
			productName = S4SProto;
			productReference = 5FFAF54E1D37488C00CC78CC /* S4SProto.app */;
			productType = "com.apple.product-type.application";
		};
		5FFAF5641D37488C00CC78CC /* S4SProtoTests */ = {
			isa = PBXNativeTarget;
			buildConfigurationList = 5FFAF57C1D37488C00CC78CC /* Build configuration list for PBXNativeTarget "S4SProtoTests" */;
			buildPhases = (
				5FFAF5611D37488C00CC78CC /* Sources */,
				5FFAF5621D37488C00CC78CC /* Frameworks */,
				5FFAF5631D37488C00CC78CC /* Resources */,
			);
			buildRules = (
			);
			dependencies = (
				5FFAF5671D37488C00CC78CC /* PBXTargetDependency */,
			);
			name = S4SProtoTests;
			productName = S4SProtoTests;
			productReference = 5FFAF5651D37488C00CC78CC /* S4SProtoTests.xctest */;
			productType = "com.apple.product-type.bundle.unit-test";
		};
		5FFAF56F1D37488C00CC78CC /* S4SProtoUITests */ = {
			isa = PBXNativeTarget;
			buildConfigurationList = 5FFAF57F1D37488C00CC78CC /* Build configuration list for PBXNativeTarget "S4SProtoUITests" */;
			buildPhases = (
				5FFAF56C1D37488C00CC78CC /* Sources */,
				5FFAF56D1D37488C00CC78CC /* Frameworks */,
				5FFAF56E1D37488C00CC78CC /* Resources */,
			);
			buildRules = (
			);
			dependencies = (
				5FFAF5721D37488C00CC78CC /* PBXTargetDependency */,
			);
			name = S4SProtoUITests;
			productName = S4SProtoUITests;
			productReference = 5FFAF5701D37488C00CC78CC /* S4SProtoUITests.xctest */;
			productType = "com.apple.product-type.bundle.ui-testing";
		};
/* End PBXNativeTarget section */

/* Begin PBXProject section */
		5FFAF5461D37488C00CC78CC /* Project object */ = {
			isa = PBXProject;
			attributes = {
				LastSwiftUpdateCheck = 0730;
				LastUpgradeCheck = 0730;
				ORGANIZATIONNAME = s4s;
				TargetAttributes = {
					5FFAF54D1D37488C00CC78CC = {
						CreatedOnToolsVersion = 7.3.1;
						DevelopmentTeam = DUR737ZY2B;
					};
					5FFAF5641D37488C00CC78CC = {
						CreatedOnToolsVersion = 7.3.1;
						TestTargetID = 5FFAF54D1D37488C00CC78CC;
					};
					5FFAF56F1D37488C00CC78CC = {
						CreatedOnToolsVersion = 7.3.1;
						TestTargetID = 5FFAF54D1D37488C00CC78CC;
					};
				};
			};
			buildConfigurationList = 5FFAF5491D37488C00CC78CC /* Build configuration list for PBXProject "S4SProto" */;
			compatibilityVersion = "Xcode 3.2";
			developmentRegion = English;
			hasScannedForEncodings = 0;
			knownRegions = (
				en,
				Base,
			);
			mainGroup = 5FFAF5451D37488C00CC78CC;
			productRefGroup = 5FFAF54F1D37488C00CC78CC /* Products */;
			projectDirPath = "";
			projectRoot = "";
			targets = (
				5FFAF54D1D37488C00CC78CC /* S4SProto */,
				5FFAF5641D37488C00CC78CC /* S4SProtoTests */,
				5FFAF56F1D37488C00CC78CC /* S4SProtoUITests */,
			);
		};
/* End PBXProject section */

/* Begin PBXResourcesBuildPhase section */
		5FFAF54C1D37488C00CC78CC /* Resources */ = {
			isa = PBXResourcesBuildPhase;
			buildActionMask = 2147483647;
			files = (
				5FFAF55F1D37488C00CC78CC /* LaunchScreen.storyboard in Resources */,
				5FFAF55C1D37488C00CC78CC /* Assets.xcassets in Resources */,
				5FFAF5571D37488C00CC78CC /* Main.storyboard in Resources */,
			);
			runOnlyForDeploymentPostprocessing = 0;
		};
		5FFAF5631D37488C00CC78CC /* Resources */ = {
			isa = PBXResourcesBuildPhase;
			buildActionMask = 2147483647;
			files = (
			);
			runOnlyForDeploymentPostprocessing = 0;
		};
		5FFAF56E1D37488C00CC78CC /* Resources */ = {
			isa = PBXResourcesBuildPhase;
			buildActionMask = 2147483647;
			files = (
			);
			runOnlyForDeploymentPostprocessing = 0;
		};
/* End PBXResourcesBuildPhase section */

/* Begin PBXSourcesBuildPhase section */
		5FFAF54A1D37488C00CC78CC /* Sources */ = {
			isa = PBXSourcesBuildPhase;
			buildActionMask = 2147483647;
			files = (
				5F952A831D39D13300250E8F /* LevelView.swift in Sources */,
				5F952A851D39D17200250E8F /* ChoiceView.swift in Sources */,
				5FFAF55A1D37488C00CC78CC /* S4SProto.xcdatamodeld in Sources */,
				5FFAF5541D37488C00CC78CC /* ViewController.swift in Sources */,
				5FFAF5521D37488C00CC78CC /* AppDelegate.swift in Sources */,
				5F952A891D39D27300250E8F /* MileView.swift in Sources */,
				5F952A871D39D1CA00250E8F /* TimeView.swift in Sources */,
				5F952A8B1D39D31000250E8F /* WhereView.swift in Sources */,
				5F952A7D1D39CE7200250E8F /* Login.swift in Sources */,
				5F952A7F1D39CFEA00250E8F /* SignUp.swift in Sources */,
				5F952A811D39D05A00250E8F /* UploadPicture.swift in Sources */,
			);
			runOnlyForDeploymentPostprocessing = 0;
		};
		5FFAF5611D37488C00CC78CC /* Sources */ = {
			isa = PBXSourcesBuildPhase;
			buildActionMask = 2147483647;
			files = (
				5FFAF56A1D37488C00CC78CC /* S4SProtoTests.swift in Sources */,
			);
			runOnlyForDeploymentPostprocessing = 0;
		};
		5FFAF56C1D37488C00CC78CC /* Sources */ = {
			isa = PBXSourcesBuildPhase;
			buildActionMask = 2147483647;
			files = (
				5FFAF5751D37488C00CC78CC /* S4SProtoUITests.swift in Sources */,
			);
			runOnlyForDeploymentPostprocessing = 0;
		};
/* End PBXSourcesBuildPhase section */

/* Begin PBXTargetDependency section */
		5FFAF5671D37488C00CC78CC /* PBXTargetDependency */ = {
			isa = PBXTargetDependency;
			target = 5FFAF54D1D37488C00CC78CC /* S4SProto */;
			targetProxy = 5FFAF5661D37488C00CC78CC /* PBXContainerItemProxy */;
		};
		5FFAF5721D37488C00CC78CC /* PBXTargetDependency */ = {
			isa = PBXTargetDependency;
			target = 5FFAF54D1D37488C00CC78CC /* S4SProto */;
			targetProxy = 5FFAF5711D37488C00CC78CC /* PBXContainerItemProxy */;
		};
/* End PBXTargetDependency section */

/* Begin PBXVariantGroup section */
		5FFAF5551D37488C00CC78CC /* Main.storyboard */ = {
			isa = PBXVariantGroup;
			children = (
				5FFAF5561D37488C00CC78CC /* Base */,
			);
			name = Main.storyboard;
			sourceTree = "<group>";
		};
		5FFAF55D1D37488C00CC78CC /* LaunchScreen.storyboard */ = {
			isa = PBXVariantGroup;
			children = (
				5FFAF55E1D37488C00CC78CC /* Base */,
			);
			name = LaunchScreen.storyboard;
			sourceTree = "<group>";
		};
/* End PBXVariantGroup section */

/* Begin XCBuildConfiguration section */
		5FFAF5771D37488C00CC78CC /* Debug */ = {
			isa = XCBuildConfiguration;
			buildSettings = {
				ALWAYS_SEARCH_USER_PATHS = NO;
				CLANG_ANALYZER_NONNULL = YES;
				CLANG_CXX_LANGUAGE_STANDARD = "gnu++0x";
				CLANG_CXX_LIBRARY = "libc++";
				CLANG_ENABLE_MODULES = YES;
				CLANG_ENABLE_OBJC_ARC = YES;
				CLANG_WARN_BOOL_CONVERSION = YES;
				CLANG_WARN_CONSTANT_CONVERSION = YES;
				CLANG_WARN_DIRECT_OBJC_ISA_USAGE = YES_ERROR;
				CLANG_WARN_EMPTY_BODY = YES;
				CLANG_WARN_ENUM_CONVERSION = YES;
				CLANG_WARN_INT_CONVERSION = YES;
				CLANG_WARN_OBJC_ROOT_CLASS = YES_ERROR;
				CLANG_WARN_UNREACHABLE_CODE = YES;
				CLANG_WARN__DUPLICATE_METHOD_MATCH = YES;
				"CODE_SIGN_IDENTITY[sdk=iphoneos*]" = "iPhone Developer";
				COPY_PHASE_STRIP = NO;
				DEBUG_INFORMATION_FORMAT = dwarf;
				ENABLE_STRICT_OBJC_MSGSEND = YES;
				ENABLE_TESTABILITY = YES;
				GCC_C_LANGUAGE_STANDARD = gnu99;
				GCC_DYNAMIC_NO_PIC = NO;
				GCC_NO_COMMON_BLOCKS = YES;
				GCC_OPTIMIZATION_LEVEL = 0;
				GCC_PREPROCESSOR_DEFINITIONS = (
					"DEBUG=1",
					"$(inherited)",
				);
				GCC_WARN_64_TO_32_BIT_CONVERSION = YES;
				GCC_WARN_ABOUT_RETURN_TYPE = YES_ERROR;
				GCC_WARN_UNDECLARED_SELECTOR = YES;
				GCC_WARN_UNINITIALIZED_AUTOS = YES_AGGRESSIVE;
				GCC_WARN_UNUSED_FUNCTION = YES;
				GCC_WARN_UNUSED_VARIABLE = YES;
				IPHONEOS_DEPLOYMENT_TARGET = 9.3;
				MTL_ENABLE_DEBUG_INFO = YES;
				ONLY_ACTIVE_ARCH = YES;
				SDKROOT = iphoneos;
				SWIFT_OPTIMIZATION_LEVEL = "-Onone";
			};
			name = Debug;
		};
		5FFAF5781D37488C00CC78CC /* Release */ = {
			isa = XCBuildConfiguration;
			buildSettings = {
				ALWAYS_SEARCH_USER_PATHS = NO;
				CLANG_ANALYZER_NONNULL = YES;
				CLANG_CXX_LANGUAGE_STANDARD = "gnu++0x";
				CLANG_CXX_LIBRARY = "libc++";
				CLANG_ENABLE_MODULES = YES;
				CLANG_ENABLE_OBJC_ARC = YES;
				CLANG_WARN_BOOL_CONVERSION = YES;
				CLANG_WARN_CONSTANT_CONVERSION = YES;
				CLANG_WARN_DIRECT_OBJC_ISA_USAGE = YES_ERROR;
				CLANG_WARN_EMPTY_BODY = YES;
				CLANG_WARN_ENUM_CONVERSION = YES;
				CLANG_WARN_INT_CONVERSION = YES;
				CLANG_WARN_OBJC_ROOT_CLASS = YES_ERROR;
				CLANG_WARN_UNREACHABLE_CODE = YES;
				CLANG_WARN__DUPLICATE_METHOD_MATCH = YES;
				"CODE_SIGN_IDENTITY[sdk=iphoneos*]" = "iPhone Developer";
				COPY_PHASE_STRIP = NO;
				DEBUG_INFORMATION_FORMAT = "dwarf-with-dsym";
				ENABLE_NS_ASSERTIONS = NO;
				ENABLE_STRICT_OBJC_MSGSEND = YES;
				GCC_C_LANGUAGE_STANDARD = gnu99;
				GCC_NO_COMMON_BLOCKS = YES;
				GCC_WARN_64_TO_32_BIT_CONVERSION = YES;
				GCC_WARN_ABOUT_RETURN_TYPE = YES_ERROR;
				GCC_WARN_UNDECLARED_SELECTOR = YES;
				GCC_WARN_UNINITIALIZED_AUTOS = YES_AGGRESSIVE;
				GCC_WARN_UNUSED_FUNCTION = YES;
				GCC_WARN_UNUSED_VARIABLE = YES;
				IPHONEOS_DEPLOYMENT_TARGET = 9.3;
				MTL_ENABLE_DEBUG_INFO = NO;
				SDKROOT = iphoneos;
				VALIDATE_PRODUCT = YES;
			};
			name = Release;
		};
		5FFAF57A1D37488C00CC78CC /* Debug */ = {
			isa = XCBuildConfiguration;
			buildSettings = {
				ASSETCATALOG_COMPILER_APPICON_NAME = AppIcon;
				CODE_SIGN_IDENTITY = "iPhone Developer";
				INFOPLIST_FILE = S4SProto/Info.plist;
				LD_RUNPATH_SEARCH_PATHS = "$(inherited) @executable_path/Frameworks";
				PRODUCT_BUNDLE_IDENTIFIER = com.s4s.S4SProto;
				PRODUCT_NAME = "$(TARGET_NAME)";
			};
			name = Debug;
		};
		5FFAF57B1D37488C00CC78CC /* Release */ = {
			isa = XCBuildConfiguration;
			buildSettings = {
				ASSETCATALOG_COMPILER_APPICON_NAME = AppIcon;
				CODE_SIGN_IDENTITY = "iPhone Developer";
				INFOPLIST_FILE = S4SProto/Info.plist;
				LD_RUNPATH_SEARCH_PATHS = "$(inherited) @executable_path/Frameworks";
				PRODUCT_BUNDLE_IDENTIFIER = com.s4s.S4SProto;
				PRODUCT_NAME = "$(TARGET_NAME)";
			};
			name = Release;
		};
		5FFAF57D1D37488C00CC78CC /* Debug */ = {
			isa = XCBuildConfiguration;
			buildSettings = {
				BUNDLE_LOADER = "$(TEST_HOST)";
				INFOPLIST_FILE = S4SProtoTests/Info.plist;
				LD_RUNPATH_SEARCH_PATHS = "$(inherited) @executable_path/Frameworks @loader_path/Frameworks";
				PRODUCT_BUNDLE_IDENTIFIER = com.s4s.S4SProtoTests;
				PRODUCT_NAME = "$(TARGET_NAME)";
				TEST_HOST = "$(BUILT_PRODUCTS_DIR)/S4SProto.app/S4SProto";
			};
			name = Debug;
		};
		5FFAF57E1D37488C00CC78CC /* Release */ = {
			isa = XCBuildConfiguration;
			buildSettings = {
				BUNDLE_LOADER = "$(TEST_HOST)";
				INFOPLIST_FILE = S4SProtoTests/Info.plist;
				LD_RUNPATH_SEARCH_PATHS = "$(inherited) @executable_path/Frameworks @loader_path/Frameworks";
				PRODUCT_BUNDLE_IDENTIFIER = com.s4s.S4SProtoTests;
				PRODUCT_NAME = "$(TARGET_NAME)";
				TEST_HOST = "$(BUILT_PRODUCTS_DIR)/S4SProto.app/S4SProto";
			};
			name = Release;
		};
		5FFAF5801D37488C00CC78CC /* Debug */ = {
			isa = XCBuildConfiguration;
			buildSettings = {
				INFOPLIST_FILE = S4SProtoUITests/Info.plist;
				LD_RUNPATH_SEARCH_PATHS = "$(inherited) @executable_path/Frameworks @loader_path/Frameworks";
				PRODUCT_BUNDLE_IDENTIFIER = com.s4s.S4SProtoUITests;
				PRODUCT_NAME = "$(TARGET_NAME)";
				TEST_TARGET_NAME = S4SProto;
			};
			name = Debug;
		};
		5FFAF5811D37488C00CC78CC /* Release */ = {
			isa = XCBuildConfiguration;
			buildSettings = {
				INFOPLIST_FILE = S4SProtoUITests/Info.plist;
				LD_RUNPATH_SEARCH_PATHS = "$(inherited) @executable_path/Frameworks @loader_path/Frameworks";
				PRODUCT_BUNDLE_IDENTIFIER = com.s4s.S4SProtoUITests;
				PRODUCT_NAME = "$(TARGET_NAME)";
				TEST_TARGET_NAME = S4SProto;
			};
			name = Release;
		};
/* End XCBuildConfiguration section */

/* Begin XCConfigurationList section */
		5FFAF5491D37488C00CC78CC /* Build configuration list for PBXProject "S4SProto" */ = {
			isa = XCConfigurationList;
			buildConfigurations = (
				5FFAF5771D37488C00CC78CC /* Debug */,
				5FFAF5781D37488C00CC78CC /* Release */,
			);
			defaultConfigurationIsVisible = 0;
			defaultConfigurationName = Release;
		};
		5FFAF5791D37488C00CC78CC /* Build configuration list for PBXNativeTarget "S4SProto" */ = {
			isa = XCConfigurationList;
			buildConfigurations = (
				5FFAF57A1D37488C00CC78CC /* Debug */,
				5FFAF57B1D37488C00CC78CC /* Release */,
			);
			defaultConfigurationIsVisible = 0;
			defaultConfigurationName = Release;
		};
		5FFAF57C1D37488C00CC78CC /* Build configuration list for PBXNativeTarget "S4SProtoTests" */ = {
			isa = XCConfigurationList;
			buildConfigurations = (
				5FFAF57D1D37488C00CC78CC /* Debug */,
				5FFAF57E1D37488C00CC78CC /* Release */,
			);
			defaultConfigurationIsVisible = 0;
			defaultConfigurationName = Release;
		};
		5FFAF57F1D37488C00CC78CC /* Build configuration list for PBXNativeTarget "S4SProtoUITests" */ = {
			isa = XCConfigurationList;
			buildConfigurations = (
				5FFAF5801D37488C00CC78CC /* Debug */,
				5FFAF5811D37488C00CC78CC /* Release */,
			);
			defaultConfigurationIsVisible = 0;
			defaultConfigurationName = Release;
		};
/* End XCConfigurationList section */

/* Begin XCVersionGroup section */
		5FFAF5581D37488C00CC78CC /* S4SProto.xcdatamodeld */ = {
			isa = XCVersionGroup;
			children = (
				5FFAF5591D37488C00CC78CC /* S4SProto.xcdatamodel */,
			);
			currentVersion = 5FFAF5591D37488C00CC78CC /* S4SProto.xcdatamodel */;
			path = S4SProto.xcdatamodeld;
			sourceTree = "<group>";
			versionGroupType = wrapper.xcdatamodel;
		};
/* End XCVersionGroup section */
	};
	rootObject = 5FFAF5461D37488C00CC78CC /* Project object */;
}
